
Microsoft Visual Studio Solution File, Format Version 12.00
# Visual Studio Version 17
VisualStudioVersion = 17.11.35327.3
MinimumVisualStudioVersion = 10.0.40219.1
Project("{FAE04EC0-301F-11D3-BF4B-00C04F79EFBC}") = "SHMIP", "SHMIP.csproj", "{D13F724C-3831-4065-8A0E-DEF896C63CE4}"
EndProject
Project("{FAE04EC0-301F-11D3-BF4B-00C04F79EFBC}") = "SHMIP.Test", "SHMIP.Test\SHMIP.Test.csproj", "{949EA8FE-30F8-4037-AF7D-27B59A4910B3}"
EndProject
Global
	GlobalSection(SolutionConfigurationPlatforms) = preSolution
		Debug|Any CPU = Debug|Any CPU
		Release|Any CPU = Release|Any CPU
	EndGlobalSection
	GlobalSection(ProjectConfigurationPlatforms) = postSolution
		{D13F724C-3831-4065-8A0E-DEF896C63CE4}.Debug|Any CPU.ActiveCfg = Debug|Any CPU
		{D13F724C-3831-4065-8A0E-DEF896C63CE4}.Debug|Any CPU.Build.0 = Debug|Any CPU
		{D13F724C-3831-4065-8A0E-DEF896C63CE4}.Release|Any CPU.ActiveCfg = Release|Any CPU
		{D13F724C-3831-4065-8A0E-DEF896C63CE4}.Release|Any CPU.Build.0 = Release|Any CPU
		{949EA8FE-30F8-4037-AF7D-27B59A4910B3}.Debug|Any CPU.ActiveCfg = Debug|Any CPU
		{949EA8FE-30F8-4037-AF7D-27B59A4910B3}.Debug|Any CPU.Build.0 = Debug|Any CPU
		{949EA8FE-30F8-4037-AF7D-27B59A4910B3}.Release|Any CPU.ActiveCfg = Release|Any CPU
		{949EA8FE-30F8-4037-AF7D-27B59A4910B3}.Release|Any CPU.Build.0 = Release|Any CPU
	EndGlobalSection
	GlobalSection(SolutionProperties) = preSolution
		HideSolutionNode = FALSE
	EndGlobalSection
	GlobalSection(ExtensibilityGlobals) = postSolution
		SolutionGuid = {B8677BF3-A23F-4F1E-9634-21F82A7F5E89}
	EndGlobalSection
EndGlobal
